
Microsoft Visual Studio Solution File, Format Version 12.00
# Visual Studio Version 17
VisualStudioVersion = 17.14.35906.104
MinimumVisualStudioVersion = 10.0.40219.1
Project("{FAE04EC0-301F-11D3-BF4B-00C04F79EFBC}") = "WikiGame.API", "WikiGame.API.csproj", "{97A3C1EE-F0E7-4301-8623-AAC2523373FF}"
EndProject
Project("{FAE04EC0-301F-11D3-BF4B-00C04F79EFBC}") = "WikiGame.Core", "..\Wiki_game.Core\WikiGame.Core.csproj", "{0C8AD97C-A950-4CAB-8283-58F581AA12D7}"
EndProject
Project("{FAE04EC0-301F-11D3-BF4B-00C04F79EFBC}") = "WikiGame.DataAccess", "..\WikiGame.DataAccess\WikiGame.DataAccess.csproj", "{B4E6DAC0-CCDB-44AA-B78F-A39B607F3DAF}"
EndProject
Project("{FAE04EC0-301F-11D3-BF4B-00C04F79EFBC}") = "WikiGame.Application", "..\WikiGame.Application\WikiGame.Application.csproj", "{67583D92-4436-4224-AA61-B5A74A40B62D}"
EndProject
Global
	GlobalSection(SolutionConfigurationPlatforms) = preSolution
		Debug|Any CPU = Debug|Any CPU
		Release|Any CPU = Release|Any CPU
	EndGlobalSection
	GlobalSection(ProjectConfigurationPlatforms) = postSolution
		{97A3C1EE-F0E7-4301-8623-AAC2523373FF}.Debug|Any CPU.ActiveCfg = Debug|Any CPU
		{97A3C1EE-F0E7-4301-8623-AAC2523373FF}.Debug|Any CPU.Build.0 = Debug|Any CPU
		{97A3C1EE-F0E7-4301-8623-AAC2523373FF}.Release|Any CPU.ActiveCfg = Release|Any CPU
		{97A3C1EE-F0E7-4301-8623-AAC2523373FF}.Release|Any CPU.Build.0 = Release|Any CPU
		{0C8AD97C-A950-4CAB-8283-58F581AA12D7}.Debug|Any CPU.ActiveCfg = Debug|Any CPU
		{0C8AD97C-A950-4CAB-8283-58F581AA12D7}.Debug|Any CPU.Build.0 = Debug|Any CPU
		{0C8AD97C-A950-4CAB-8283-58F581AA12D7}.Release|Any CPU.ActiveCfg = Release|Any CPU
		{0C8AD97C-A950-4CAB-8283-58F581AA12D7}.Release|Any CPU.Build.0 = Release|Any CPU
		{B4E6DAC0-CCDB-44AA-B78F-A39B607F3DAF}.Debug|Any CPU.ActiveCfg = Debug|Any CPU
		{B4E6DAC0-CCDB-44AA-B78F-A39B607F3DAF}.Debug|Any CPU.Build.0 = Debug|Any CPU
		{B4E6DAC0-CCDB-44AA-B78F-A39B607F3DAF}.Release|Any CPU.ActiveCfg = Release|Any CPU
		{B4E6DAC0-CCDB-44AA-B78F-A39B607F3DAF}.Release|Any CPU.Build.0 = Release|Any CPU
		{67583D92-4436-4224-AA61-B5A74A40B62D}.Debug|Any CPU.ActiveCfg = Debug|Any CPU
		{67583D92-4436-4224-AA61-B5A74A40B62D}.Debug|Any CPU.Build.0 = Debug|Any CPU
		{67583D92-4436-4224-AA61-B5A74A40B62D}.Release|Any CPU.ActiveCfg = Release|Any CPU
		{67583D92-4436-4224-AA61-B5A74A40B62D}.Release|Any CPU.Build.0 = Release|Any CPU
	EndGlobalSection
	GlobalSection(SolutionProperties) = preSolution
		HideSolutionNode = FALSE
	EndGlobalSection
	GlobalSection(ExtensibilityGlobals) = postSolution
		SolutionGuid = {99F41DA8-52E4-4C3D-AEA5-E205A2172434}
	EndGlobalSection
EndGlobal
